
Microsoft Visual Studio Solution File, Format Version 12.00
# Visual Studio Version 16
VisualStudioVersion = 16.0.31911.196
MinimumVisualStudioVersion = 10.0.40219.1
Project("{888888A0-9F3D-457C-B088-3A5042F75D52}") = "5_2", "5_2.pyproj", "{E43475ED-180C-485E-970E-EF2AB8B4586B}"
EndProject
Global
	GlobalSection(SolutionConfigurationPlatforms) = preSolution
		Debug|Any CPU = Debug|Any CPU
		Release|Any CPU = Release|Any CPU
	EndGlobalSection
	GlobalSection(ProjectConfigurationPlatforms) = postSolution
		{E43475ED-180C-485E-970E-EF2AB8B4586B}.Debug|Any CPU.ActiveCfg = Debug|Any CPU
		{E43475ED-180C-485E-970E-EF2AB8B4586B}.Release|Any CPU.ActiveCfg = Release|Any CPU
	EndGlobalSection
	GlobalSection(SolutionProperties) = preSolution
		HideSolutionNode = FALSE
	EndGlobalSection
	GlobalSection(ExtensibilityGlobals) = postSolution
		SolutionGuid = {DC0EA868-1F16-428E-BC24-C4BB27AA0FEA}
	EndGlobalSection
EndGlobal
