
Microsoft Visual Studio Solution File, Format Version 12.00
# Visual Studio Version 16
VisualStudioVersion = 16.0.31911.196
MinimumVisualStudioVersion = 10.0.40219.1
Project("{888888A0-9F3D-457C-B088-3A5042F75D52}") = "1_2", "1_2.pyproj", "{11C9543D-FD82-42D5-95B0-8BBC1E1DF787}"
EndProject
Global
	GlobalSection(SolutionConfigurationPlatforms) = preSolution
		Debug|Any CPU = Debug|Any CPU
		Release|Any CPU = Release|Any CPU
	EndGlobalSection
	GlobalSection(ProjectConfigurationPlatforms) = postSolution
		{11C9543D-FD82-42D5-95B0-8BBC1E1DF787}.Debug|Any CPU.ActiveCfg = Debug|Any CPU
		{11C9543D-FD82-42D5-95B0-8BBC1E1DF787}.Release|Any CPU.ActiveCfg = Release|Any CPU
	EndGlobalSection
	GlobalSection(SolutionProperties) = preSolution
		HideSolutionNode = FALSE
	EndGlobalSection
	GlobalSection(ExtensibilityGlobals) = postSolution
		SolutionGuid = {95AA1533-1E26-4FCF-ACCF-F88EEC854DA3}
	EndGlobalSection
EndGlobal
