
Microsoft Visual Studio Solution File, Format Version 12.00
# Visual Studio Version 16
VisualStudioVersion = 16.0.31911.196
MinimumVisualStudioVersion = 10.0.40219.1
Project("{888888A0-9F3D-457C-B088-3A5042F75D52}") = "4_1", "4_1.pyproj", "{7E53C598-2814-4C9A-A7C1-E78A55B4F1FB}"
EndProject
Global
	GlobalSection(SolutionConfigurationPlatforms) = preSolution
		Debug|Any CPU = Debug|Any CPU
		Release|Any CPU = Release|Any CPU
	EndGlobalSection
	GlobalSection(ProjectConfigurationPlatforms) = postSolution
		{7E53C598-2814-4C9A-A7C1-E78A55B4F1FB}.Debug|Any CPU.ActiveCfg = Debug|Any CPU
		{7E53C598-2814-4C9A-A7C1-E78A55B4F1FB}.Release|Any CPU.ActiveCfg = Release|Any CPU
	EndGlobalSection
	GlobalSection(SolutionProperties) = preSolution
		HideSolutionNode = FALSE
	EndGlobalSection
	GlobalSection(ExtensibilityGlobals) = postSolution
		SolutionGuid = {2CF2BDFE-4CF4-4739-B4E0-B78BEE9416E9}
	EndGlobalSection
EndGlobal
