
Microsoft Visual Studio Solution File, Format Version 12.00
# Visual Studio Version 16
VisualStudioVersion = 16.0.31911.196
MinimumVisualStudioVersion = 10.0.40219.1
Project("{888888A0-9F3D-457C-B088-3A5042F75D52}") = "5_1", "5_1.pyproj", "{A94A76AA-1C7F-400C-B882-7BA079A06DBC}"
EndProject
Global
	GlobalSection(SolutionConfigurationPlatforms) = preSolution
		Debug|Any CPU = Debug|Any CPU
		Release|Any CPU = Release|Any CPU
	EndGlobalSection
	GlobalSection(ProjectConfigurationPlatforms) = postSolution
		{A94A76AA-1C7F-400C-B882-7BA079A06DBC}.Debug|Any CPU.ActiveCfg = Debug|Any CPU
		{A94A76AA-1C7F-400C-B882-7BA079A06DBC}.Release|Any CPU.ActiveCfg = Release|Any CPU
	EndGlobalSection
	GlobalSection(SolutionProperties) = preSolution
		HideSolutionNode = FALSE
	EndGlobalSection
	GlobalSection(ExtensibilityGlobals) = postSolution
		SolutionGuid = {072917C1-9433-48B1-B27A-928F0AC4E74D}
	EndGlobalSection
EndGlobal
